
Microsoft Visual Studio Solution File, Format Version 12.00
# Visual Studio 15
VisualStudioVersion = 15.0.27130.2026
MinimumVisualStudioVersion = 10.0.40219.1
Project("{FAE04EC0-301F-11D3-BF4B-00C04F79EFBC}") = "CryptoCoins.UWP", "CryptoCoins.UWP\CryptoCoins.UWP.csproj", "{D46D236D-9DE0-48F3-998F-76BD47DCE06F}"
EndProject
Global
	GlobalSection(SolutionConfigurationPlatforms) = preSolution
		Debug|ARM = Debug|ARM
		Debug|x64 = Debug|x64
		Debug|x86 = Debug|x86
		Release|ARM = Release|ARM
		Release|x64 = Release|x64
		Release|x86 = Release|x86
	EndGlobalSection
	GlobalSection(ProjectConfigurationPlatforms) = postSolution
		{D46D236D-9DE0-48F3-998F-76BD47DCE06F}.Debug|ARM.ActiveCfg = Debug|ARM
		{D46D236D-9DE0-48F3-998F-76BD47DCE06F}.Debug|ARM.Build.0 = Debug|ARM
		{D46D236D-9DE0-48F3-998F-76BD47DCE06F}.Debug|ARM.Deploy.0 = Debug|ARM
		{D46D236D-9DE0-48F3-998F-76BD47DCE06F}.Debug|x64.ActiveCfg = Debug|x64
		{D46D236D-9DE0-48F3-998F-76BD47DCE06F}.Debug|x64.Build.0 = Debug|x64
		{D46D236D-9DE0-48F3-998F-76BD47DCE06F}.Debug|x64.Deploy.0 = Debug|x64
		{D46D236D-9DE0-48F3-998F-76BD47DCE06F}.Debug|x86.ActiveCfg = Debug|x86
		{D46D236D-9DE0-48F3-998F-76BD47DCE06F}.Debug|x86.Build.0 = Debug|x86
		{D46D236D-9DE0-48F3-998F-76BD47DCE06F}.Debug|x86.Deploy.0 = Debug|x86
		{D46D236D-9DE0-48F3-998F-76BD47DCE06F}.Release|ARM.ActiveCfg = Release|ARM
		{D46D236D-9DE0-48F3-998F-76BD47DCE06F}.Release|ARM.Build.0 = Release|ARM
		{D46D236D-9DE0-48F3-998F-76BD47DCE06F}.Release|ARM.Deploy.0 = Release|ARM
		{D46D236D-9DE0-48F3-998F-76BD47DCE06F}.Release|x64.ActiveCfg = Release|x64
		{D46D236D-9DE0-48F3-998F-76BD47DCE06F}.Release|x64.Build.0 = Release|x64
		{D46D236D-9DE0-48F3-998F-76BD47DCE06F}.Release|x64.Deploy.0 = Release|x64
		{D46D236D-9DE0-48F3-998F-76BD47DCE06F}.Release|x86.ActiveCfg = Release|x86
		{D46D236D-9DE0-48F3-998F-76BD47DCE06F}.Release|x86.Build.0 = Release|x86
		{D46D236D-9DE0-48F3-998F-76BD47DCE06F}.Release|x86.Deploy.0 = Release|x86
	EndGlobalSection
	GlobalSection(SolutionProperties) = preSolution
		HideSolutionNode = FALSE
	EndGlobalSection
	GlobalSection(ExtensibilityGlobals) = postSolution
		SolutionGuid = {B42A5E56-E6C3-4703-9817-9973107BC954}
	EndGlobalSection
	GlobalSection(CodealikeProperties) = postSolution
		SolutionGuid = 1882d734-2374-4941-a211-370d380c7180
	EndGlobalSection
EndGlobal
